
Microsoft Visual Studio Solution File, Format Version 12.00
# Visual Studio Version 17
VisualStudioVersion = 17.13.35931.197 d17.13
MinimumVisualStudioVersion = 10.0.40219.1
Project("{FAE04EC0-301F-11D3-BF4B-00C04F79EFBC}") = "Dictionaries", "Dictionaries\Dictionaries.csproj", "{0E7BA480-9659-4E3E-9156-10526945C68A}"
EndProject
Global
	GlobalSection(SolutionConfigurationPlatforms) = preSolution
		Debug|Any CPU = Debug|Any CPU
		Release|Any CPU = Release|Any CPU
	EndGlobalSection
	GlobalSection(ProjectConfigurationPlatforms) = postSolution
		{0E7BA480-9659-4E3E-9156-10526945C68A}.Debug|Any CPU.ActiveCfg = Debug|Any CPU
		{0E7BA480-9659-4E3E-9156-10526945C68A}.Debug|Any CPU.Build.0 = Debug|Any CPU
		{0E7BA480-9659-4E3E-9156-10526945C68A}.Release|Any CPU.ActiveCfg = Release|Any CPU
		{0E7BA480-9659-4E3E-9156-10526945C68A}.Release|Any CPU.Build.0 = Release|Any CPU
	EndGlobalSection
	GlobalSection(SolutionProperties) = preSolution
		HideSolutionNode = FALSE
	EndGlobalSection
	GlobalSection(ExtensibilityGlobals) = postSolution
		SolutionGuid = {4C45FC09-BD8F-4685-84FD-6E335FCE1145}
	EndGlobalSection
EndGlobal
