
Microsoft Visual Studio Solution File, Format Version 12.00
# Visual Studio Version 17
VisualStudioVersion = 17.13.35931.197 d17.13
MinimumVisualStudioVersion = 10.0.40219.1
Project("{FAE04EC0-301F-11D3-BF4B-00C04F79EFBC}") = "Functions", "Functions\Functions.csproj", "{F2ED3B17-D2D8-417E-B091-849273C75ECF}"
EndProject
Global
	GlobalSection(SolutionConfigurationPlatforms) = preSolution
		Debug|Any CPU = Debug|Any CPU
		Release|Any CPU = Release|Any CPU
	EndGlobalSection
	GlobalSection(ProjectConfigurationPlatforms) = postSolution
		{F2ED3B17-D2D8-417E-B091-849273C75ECF}.Debug|Any CPU.ActiveCfg = Debug|Any CPU
		{F2ED3B17-D2D8-417E-B091-849273C75ECF}.Debug|Any CPU.Build.0 = Debug|Any CPU
		{F2ED3B17-D2D8-417E-B091-849273C75ECF}.Release|Any CPU.ActiveCfg = Release|Any CPU
		{F2ED3B17-D2D8-417E-B091-849273C75ECF}.Release|Any CPU.Build.0 = Release|Any CPU
	EndGlobalSection
	GlobalSection(SolutionProperties) = preSolution
		HideSolutionNode = FALSE
	EndGlobalSection
	GlobalSection(ExtensibilityGlobals) = postSolution
		SolutionGuid = {56616B3B-87F8-4255-8011-F9129FF95B30}
	EndGlobalSection
EndGlobal
