
Microsoft Visual Studio Solution File, Format Version 12.00
# Visual Studio Version 17
VisualStudioVersion = 17.13.35931.197 d17.13
MinimumVisualStudioVersion = 10.0.40219.1
Project("{FAE04EC0-301F-11D3-BF4B-00C04F79EFBC}") = "CalculatorApp", "CalculatorApp\CalculatorApp.csproj", "{8EB344CA-BCD6-4063-BAAD-F08025DB5E1D}"
EndProject
Global
	GlobalSection(SolutionConfigurationPlatforms) = preSolution
		Debug|Any CPU = Debug|Any CPU
		Release|Any CPU = Release|Any CPU
	EndGlobalSection
	GlobalSection(ProjectConfigurationPlatforms) = postSolution
		{8EB344CA-BCD6-4063-BAAD-F08025DB5E1D}.Debug|Any CPU.ActiveCfg = Debug|Any CPU
		{8EB344CA-BCD6-4063-BAAD-F08025DB5E1D}.Debug|Any CPU.Build.0 = Debug|Any CPU
		{8EB344CA-BCD6-4063-BAAD-F08025DB5E1D}.Release|Any CPU.ActiveCfg = Release|Any CPU
		{8EB344CA-BCD6-4063-BAAD-F08025DB5E1D}.Release|Any CPU.Build.0 = Release|Any CPU
	EndGlobalSection
	GlobalSection(SolutionProperties) = preSolution
		HideSolutionNode = FALSE
	EndGlobalSection
	GlobalSection(ExtensibilityGlobals) = postSolution
		SolutionGuid = {F25527A3-BDF1-4F52-8F97-2A53E0D3E973}
	EndGlobalSection
EndGlobal
