
Microsoft Visual Studio Solution File, Format Version 12.00
# Visual Studio Version 17
VisualStudioVersion = 17.13.35931.197 d17.13
MinimumVisualStudioVersion = 10.0.40219.1
Project("{FAE04EC0-301F-11D3-BF4B-00C04F79EFBC}") = "CrudWithoutEntity", "CrudWithoutEntity\CrudWithoutEntity.csproj", "{58A9FF12-814D-406F-B573-FCFE51FC202B}"
EndProject
Global
	GlobalSection(SolutionConfigurationPlatforms) = preSolution
		Debug|Any CPU = Debug|Any CPU
		Release|Any CPU = Release|Any CPU
	EndGlobalSection
	GlobalSection(ProjectConfigurationPlatforms) = postSolution
		{58A9FF12-814D-406F-B573-FCFE51FC202B}.Debug|Any CPU.ActiveCfg = Debug|Any CPU
		{58A9FF12-814D-406F-B573-FCFE51FC202B}.Debug|Any CPU.Build.0 = Debug|Any CPU
		{58A9FF12-814D-406F-B573-FCFE51FC202B}.Release|Any CPU.ActiveCfg = Release|Any CPU
		{58A9FF12-814D-406F-B573-FCFE51FC202B}.Release|Any CPU.Build.0 = Release|Any CPU
	EndGlobalSection
	GlobalSection(SolutionProperties) = preSolution
		HideSolutionNode = FALSE
	EndGlobalSection
	GlobalSection(ExtensibilityGlobals) = postSolution
		SolutionGuid = {28011D41-C84E-4783-ABEE-9376C62BCAE5}
	EndGlobalSection
EndGlobal
